
Microsoft Visual Studio Solution File, Format Version 12.00
# Visual Studio Version 16
VisualStudioVersion = 16.0.31005.135
MinimumVisualStudioVersion = 10.0.40219.1
Project("{FAE04EC0-301F-11D3-BF4B-00C04F79EFBC}") = "PlacesPopulation", "PlacesPopulation.csproj", "{EA6F57F2-A373-45DB-9807-22E7A66ED687}"
EndProject
Global
	GlobalSection(SolutionConfigurationPlatforms) = preSolution
		Debug|Any CPU = Debug|Any CPU
		Release|Any CPU = Release|Any CPU
	EndGlobalSection
	GlobalSection(ProjectConfigurationPlatforms) = postSolution
		{EA6F57F2-A373-45DB-9807-22E7A66ED687}.Debug|Any CPU.ActiveCfg = Debug|Any CPU
		{EA6F57F2-A373-45DB-9807-22E7A66ED687}.Debug|Any CPU.Build.0 = Debug|Any CPU
		{EA6F57F2-A373-45DB-9807-22E7A66ED687}.Release|Any CPU.ActiveCfg = Release|Any CPU
		{EA6F57F2-A373-45DB-9807-22E7A66ED687}.Release|Any CPU.Build.0 = Release|Any CPU
	EndGlobalSection
	GlobalSection(SolutionProperties) = preSolution
		HideSolutionNode = FALSE
	EndGlobalSection
	GlobalSection(ExtensibilityGlobals) = postSolution
		SolutionGuid = {086525BC-F988-4C42-A7AB-E4E04EE0ECB1}
	EndGlobalSection
EndGlobal
